
Microsoft Visual Studio Solution File, Format Version 12.00
# Visual Studio Version 17
VisualStudioVersion = 17.1.32210.238
MinimumVisualStudioVersion = 10.0.40219.1
Project("{FAE04EC0-301F-11D3-BF4B-00C04F79EFBC}") = "SchoolProject", "SchoolProject\SchoolProject.csproj", "{CE2E0C2D-997F-4713-A4DB-C2E5E3FC46D4}"
EndProject
Global
	GlobalSection(SolutionConfigurationPlatforms) = preSolution
		Debug|Any CPU = Debug|Any CPU
		Release|Any CPU = Release|Any CPU
	EndGlobalSection
	GlobalSection(ProjectConfigurationPlatforms) = postSolution
		{CE2E0C2D-997F-4713-A4DB-C2E5E3FC46D4}.Debug|Any CPU.ActiveCfg = Debug|Any CPU
		{CE2E0C2D-997F-4713-A4DB-C2E5E3FC46D4}.Debug|Any CPU.Build.0 = Debug|Any CPU
		{CE2E0C2D-997F-4713-A4DB-C2E5E3FC46D4}.Release|Any CPU.ActiveCfg = Release|Any CPU
		{CE2E0C2D-997F-4713-A4DB-C2E5E3FC46D4}.Release|Any CPU.Build.0 = Release|Any CPU
	EndGlobalSection
	GlobalSection(SolutionProperties) = preSolution
		HideSolutionNode = FALSE
	EndGlobalSection
	GlobalSection(ExtensibilityGlobals) = postSolution
		SolutionGuid = {E1D0EF7A-436F-4016-AD17-CF4C76FDED8F}
	EndGlobalSection
EndGlobal
